// !$*UTF8*$!
{
	archiveVersion = 1;
	classes = {
	};
	objectVersion = 48;
	objects = {

/* Begin PBXBuildFile section */
		FDF6D8C620EF4BA100223061 /* AppDelegate.swift in Sources */ = {isa = PBXBuildFile; fileRef = FDF6D8C520EF4BA100223061 /* AppDelegate.swift */; };
		FDF6D8C820EF4BA100223061 /* ViewController.swift in Sources */ = {isa = PBXBuildFile; fileRef = FDF6D8C720EF4BA100223061 /* ViewController.swift */; };
		FDF6D8CB20EF4BA100223061 /* Main.storyboard in Resources */ = {isa = PBXBuildFile; fileRef = FDF6D8C920EF4BA100223061 /* Main.storyboard */; };
		FDF6D8CD20EF4BA100223061 /* Assets.xcassets in Resources */ = {isa = PBXBuildFile; fileRef = FDF6D8CC20EF4BA100223061 /* Assets.xcassets */; };
		FDF6D8D020EF4BA100223061 /* LaunchScreen.storyboard in Resources */ = {isa = PBXBuildFile; fileRef = FDF6D8CE20EF4BA100223061 /* LaunchScreen.storyboard */; };
		FDF6D8D820EF4BF800223061 /* TTModel.swift in Sources */ = {isa = PBXBuildFile; fileRef = FDF6D8D720EF4BF800223061 /* TTModel.swift */; };
/* End PBXBuildFile section */

/* Begin PBXFileReference section */
		FDF6D8C220EF4BA100223061 /* TTProrammingTest.app */ = {isa = PBXFileReference; explicitFileType = wrapper.application; includeInIndex = 0; path = TTProrammingTest.app; sourceTree = BUILT_PRODUCTS_DIR; };
		FDF6D8C520EF4BA100223061 /* AppDelegate.swift */ = {isa = PBXFileReference; lastKnownFileType = sourcecode.swift; path = AppDelegate.swift; sourceTree = "<group>"; };
		FDF6D8C720EF4BA100223061 /* ViewController.swift */ = {isa = PBXFileReference; lastKnownFileType = sourcecode.swift; path = ViewController.swift; sourceTree = "<group>"; };
		FDF6D8CA20EF4BA100223061 /* Base */ = {isa = PBXFileReference; lastKnownFileType = file.storyboard; name = Base; path = Base.lproj/Main.storyboard; sourceTree = "<group>"; };
		FDF6D8CC20EF4BA100223061 /* Assets.xcassets */ = {isa = PBXFileReference; lastKnownFileType = folder.assetcatalog; path = Assets.xcassets; sourceTree = "<group>"; };
		FDF6D8CF20EF4BA100223061 /* Base */ = {isa = PBXFileReference; lastKnownFileType = file.storyboard; name = Base; path = Base.lproj/LaunchScreen.storyboard; sourceTree = "<group>"; };
		FDF6D8D120EF4BA100223061 /* Info.plist */ = {isa = PBXFileReference; lastKnownFileType = text.plist.xml; path = Info.plist; sourceTree = "<group>"; };
		FDF6D8D720EF4BF800223061 /* TTModel.swift */ = {isa = PBXFileReference; lastKnownFileType = sourcecode.swift; path = TTModel.swift; sourceTree = "<group>"; };
/* End PBXFileReference section */

/* Begin PBXFrameworksBuildPhase section */
		FDF6D8BF20EF4BA100223061 /* Frameworks */ = {
			isa = PBXFrameworksBuildPhase;
			buildActionMask = 2147483647;
			files = (
			);
			runOnlyForDeploymentPostprocessing = 0;
		};
/* End PBXFrameworksBuildPhase section */

/* Begin PBXGroup section */
		FDF6D8B920EF4BA100223061 = {
			isa = PBXGroup;
			children = (
				FDF6D8C420EF4BA100223061 /* TTProrammingTest */,
				FDF6D8C320EF4BA100223061 /* Products */,
			);
			sourceTree = "<group>";
		};
		FDF6D8C320EF4BA100223061 /* Products */ = {
			isa = PBXGroup;
			children = (
				FDF6D8C220EF4BA100223061 /* TTProrammingTest.app */,
			);
			name = Products;
			sourceTree = "<group>";
		};
		FDF6D8C420EF4BA100223061 /* TTProrammingTest */ = {
			isa = PBXGroup;
			children = (
				FDF6D8C520EF4BA100223061 /* AppDelegate.swift */,
				FDF6D8C720EF4BA100223061 /* ViewController.swift */,
				FDF6D8D720EF4BF800223061 /* TTModel.swift */,
				FDF6D8C920EF4BA100223061 /* Main.storyboard */,
				FDF6D8CC20EF4BA100223061 /* Assets.xcassets */,
				FDF6D8CE20EF4BA100223061 /* LaunchScreen.storyboard */,
				FDF6D8D120EF4BA100223061 /* Info.plist */,
			);
			path = TTProrammingTest;
			sourceTree = "<group>";
		};
/* End PBXGroup section */

/* Begin PBXNativeTarget section */
		FDF6D8C120EF4BA100223061 /* TTProrammingTest */ = {
			isa = PBXNativeTarget;
			buildConfigurationList = FDF6D8D420EF4BA100223061 /* Build configuration list for PBXNativeTarget "TTProrammingTest" */;
			buildPhases = (
				FDF6D8BE20EF4BA100223061 /* Sources */,
				FDF6D8BF20EF4BA100223061 /* Frameworks */,
				FDF6D8C020EF4BA100223061 /* Resources */,
			);
			buildRules = (
			);
			dependencies = (
			);
			name = TTProrammingTest;
			productName = TTProrammingTest;
			productReference = FDF6D8C220EF4BA100223061 /* TTProrammingTest.app */;
			productType = "com.apple.product-type.application";
		};
/* End PBXNativeTarget section */

/* Begin PBXProject section */
		FDF6D8BA20EF4BA100223061 /* Project object */ = {
			isa = PBXProject;
			attributes = {
				LastSwiftUpdateCheck = 0920;
				LastUpgradeCheck = 0920;
				ORGANIZATIONNAME = "Harish Raturi";
				TargetAttributes = {
					FDF6D8C120EF4BA100223061 = {
						CreatedOnToolsVersion = 9.2;
						ProvisioningStyle = Automatic;
					};
				};
			};
			buildConfigurationList = FDF6D8BD20EF4BA100223061 /* Build configuration list for PBXProject "TTProrammingTest" */;
			compatibilityVersion = "Xcode 8.0";
			developmentRegion = en;
			hasScannedForEncodings = 0;
			knownRegions = (
				en,
				Base,
			);
			mainGroup = FDF6D8B920EF4BA100223061;
			productRefGroup = FDF6D8C320EF4BA100223061 /* Products */;
			projectDirPath = "";
			projectRoot = "";
			targets = (
				FDF6D8C120EF4BA100223061 /* TTProrammingTest */,
			);
		};
/* End PBXProject section */

/* Begin PBXResourcesBuildPhase section */
		FDF6D8C020EF4BA100223061 /* Resources */ = {
			isa = PBXResourcesBuildPhase;
			buildActionMask = 2147483647;
			files = (
				FDF6D8D020EF4BA100223061 /* LaunchScreen.storyboard in Resources */,
				FDF6D8CD20EF4BA100223061 /* Assets.xcassets in Resources */,
				FDF6D8CB20EF4BA100223061 /* Main.storyboard in Resources */,
			);
			runOnlyForDeploymentPostprocessing = 0;
		};
/* End PBXResourcesBuildPhase section */

/* Begin PBXSourcesBuildPhase section */
		FDF6D8BE20EF4BA100223061 /* Sources */ = {
			isa = PBXSourcesBuildPhase;
			buildActionMask = 2147483647;
			files = (
				FDF6D8C820EF4BA100223061 /* ViewController.swift in Sources */,
				FDF6D8C620EF4BA100223061 /* AppDelegate.swift in Sources */,
				FDF6D8D820EF4BF800223061 /* TTModel.swift in Sources */,
			);
			runOnlyForDeploymentPostprocessing = 0;
		};
/* End PBXSourcesBuildPhase section */

/* Begin PBXVariantGroup section */
		FDF6D8C920EF4BA100223061 /* Main.storyboard */ = {
			isa = PBXVariantGroup;
			children = (
				FDF6D8CA20EF4BA100223061 /* Base */,
			);
			name = Main.storyboard;
			sourceTree = "<group>";
		};
		FDF6D8CE20EF4BA100223061 /* LaunchScreen.storyboard */ = {
			isa = PBXVariantGroup;
			children = (
				FDF6D8CF20EF4BA100223061 /* Base */,
			);
			name = LaunchScreen.storyboard;
			sourceTree = "<group>";
		};
/* End PBXVariantGroup section */

/* Begin XCBuildConfiguration section */
		FDF6D8D220EF4BA100223061 /* Debug */ = {
			isa = XCBuildConfiguration;
			buildSettings = {
				ALWAYS_SEARCH_USER_PATHS = NO;
				CLANG_ANALYZER_NONNULL = YES;
				CLANG_ANALYZER_NUMBER_OBJECT_CONVERSION = YES_AGGRESSIVE;
				CLANG_CXX_LANGUAGE_STANDARD = "gnu++14";
				CLANG_CXX_LIBRARY = "libc++";
				CLANG_ENABLE_MODULES = YES;
				CLANG_ENABLE_OBJC_ARC = YES;
				CLANG_WARN_BLOCK_CAPTURE_AUTORELEASING = YES;
				CLANG_WARN_BOOL_CONVERSION = YES;
				CLANG_WARN_COMMA = YES;
				CLANG_WARN_CONSTANT_CONVERSION = YES;
				CLANG_WARN_DIRECT_OBJC_ISA_USAGE = YES_ERROR;
				CLANG_WARN_DOCUMENTATION_COMMENTS = YES;
				CLANG_WARN_EMPTY_BODY = YES;
				CLANG_WARN_ENUM_CONVERSION = YES;
				CLANG_WARN_INFINITE_RECURSION = YES;
				CLANG_WARN_INT_CONVERSION = YES;
				CLANG_WARN_NON_LITERAL_NULL_CONVERSION = YES;
				CLANG_WARN_OBJC_LITERAL_CONVERSION = YES;
				CLANG_WARN_OBJC_ROOT_CLASS = YES_ERROR;
				CLANG_WARN_RANGE_LOOP_ANALYSIS = YES;
				CLANG_WARN_STRICT_PROTOTYPES = YES;
				CLANG_WARN_SUSPICIOUS_MOVE = YES;
				CLANG_WARN_UNGUARDED_AVAILABILITY = YES_AGGRESSIVE;
				CLANG_WARN_UNREACHABLE_CODE = YES;
				CLANG_WARN__DUPLICATE_METHOD_MATCH = YES;
				CODE_SIGN_IDENTITY = "iPhone Developer";
				COPY_PHASE_STRIP = NO;
				DEBUG_INFORMATION_FORMAT = dwarf;
				ENABLE_STRICT_OBJC_MSGSEND = YES;
				ENABLE_TESTABILITY = YES;
				GCC_C_LANGUAGE_STANDARD = gnu11;
				GCC_DYNAMIC_NO_PIC = NO;
				GCC_NO_COMMON_BLOCKS = YES;
				GCC_OPTIMIZATION_LEVEL = 0;
				GCC_PREPROCESSOR_DEFINITIONS = (
					"DEBUG=1",
					"$(inherited)",
				);
				GCC_WARN_64_TO_32_BIT_CONVERSION = YES;
				GCC_WARN_ABOUT_RETURN_TYPE = YES_ERROR;
				GCC_WARN_UNDECLARED_SELECTOR = YES;
				GCC_WARN_UNINITIALIZED_AUTOS = YES_AGGRESSIVE;
				GCC_WARN_UNUSED_FUNCTION = YES;
				GCC_WARN_UNUSED_VARIABLE = YES;
				IPHONEOS_DEPLOYMENT_TARGET = 11.2;
				MTL_ENABLE_DEBUG_INFO = YES;
				ONLY_ACTIVE_ARCH = YES;
				SDKROOT = iphoneos;
				SWIFT_ACTIVE_COMPILATION_CONDITIONS = DEBUG;
				SWIFT_OPTIMIZATION_LEVEL = "-Onone";
			};
			name = Debug;
		};
		FDF6D8D320EF4BA100223061 /* Release */ = {
			isa = XCBuildConfiguration;
			buildSettings = {
				ALWAYS_SEARCH_USER_PATHS = NO;
				CLANG_ANALYZER_NONNULL = YES;
				CLANG_ANALYZER_NUMBER_OBJECT_CONVERSION = YES_AGGRESSIVE;
				CLANG_CXX_LANGUAGE_STANDARD = "gnu++14";
				CLANG_CXX_LIBRARY = "libc++";
				CLANG_ENABLE_MODULES = YES;
				CLANG_ENABLE_OBJC_ARC = YES;
				CLANG_WARN_BLOCK_CAPTURE_AUTORELEASING = YES;
				CLANG_WARN_BOOL_CONVERSION = YES;
				CLANG_WARN_COMMA = YES;
				CLANG_WARN_CONSTANT_CONVERSION = YES;
				CLANG_WARN_DIRECT_OBJC_ISA_USAGE = YES_ERROR;
				CLANG_WARN_DOCUMENTATION_COMMENTS = YES;
				CLANG_WARN_EMPTY_BODY = YES;
				CLANG_WARN_ENUM_CONVERSION = YES;
				CLANG_WARN_INFINITE_RECURSION = YES;
				CLANG_WARN_INT_CONVERSION = YES;
				CLANG_WARN_NON_LITERAL_NULL_CONVERSION = YES;
				CLANG_WARN_OBJC_LITERAL_CONVERSION = YES;
				CLANG_WARN_OBJC_ROOT_CLASS = YES_ERROR;
				CLANG_WARN_RANGE_LOOP_ANALYSIS = YES;
				CLANG_WARN_STRICT_PROTOTYPES = YES;
				CLANG_WARN_SUSPICIOUS_MOVE = YES;
				CLANG_WARN_UNGUARDED_AVAILABILITY = YES_AGGRESSIVE;
				CLANG_WARN_UNREACHABLE_CODE = YES;
				CLANG_WARN__DUPLICATE_METHOD_MATCH = YES;
				CODE_SIGN_IDENTITY = "iPhone Developer";
				COPY_PHASE_STRIP = NO;
				DEBUG_INFORMATION_FORMAT = "dwarf-with-dsym";
				ENABLE_NS_ASSERTIONS = NO;
				ENABLE_STRICT_OBJC_MSGSEND = YES;
				GCC_C_LANGUAGE_STANDARD = gnu11;
				GCC_NO_COMMON_BLOCKS = YES;
				GCC_WARN_64_TO_32_BIT_CONVERSION = YES;
				GCC_WARN_ABOUT_RETURN_TYPE = YES_ERROR;
				GCC_WARN_UNDECLARED_SELECTOR = YES;
				GCC_WARN_UNINITIALIZED_AUTOS = YES_AGGRESSIVE;
				GCC_WARN_UNUSED_FUNCTION = YES;
				GCC_WARN_UNUSED_VARIABLE = YES;
				IPHONEOS_DEPLOYMENT_TARGET = 11.2;
				MTL_ENABLE_DEBUG_INFO = NO;
				SDKROOT = iphoneos;
				SWIFT_OPTIMIZATION_LEVEL = "-Owholemodule";
				VALIDATE_PRODUCT = YES;
			};
			name = Release;
		};
		FDF6D8D520EF4BA100223061 /* Debug */ = {
			isa = XCBuildConfiguration;
			buildSettings = {
				ASSETCATALOG_COMPILER_APPICON_NAME = AppIcon;
				CODE_SIGN_STYLE = Automatic;
				DEVELOPMENT_TEAM = 9QB37Q2J2S;
				INFOPLIST_FILE = TTProrammingTest/Info.plist;
				LD_RUNPATH_SEARCH_PATHS = "$(inherited) @executable_path/Frameworks";
				PRODUCT_BUNDLE_IDENTIFIER = com.rathuri.TTProrammingTest;
				PRODUCT_NAME = "$(TARGET_NAME)";
				SWIFT_VERSION = 4.0;
				TARGETED_DEVICE_FAMILY = "1,2";
			};
			name = Debug;
		};
		FDF6D8D620EF4BA100223061 /* Release */ = {
			isa = XCBuildConfiguration;
			buildSettings = {
				ASSETCATALOG_COMPILER_APPICON_NAME = AppIcon;
				CODE_SIGN_STYLE = Automatic;
				DEVELOPMENT_TEAM = 9QB37Q2J2S;
				INFOPLIST_FILE = TTProrammingTest/Info.plist;
				LD_RUNPATH_SEARCH_PATHS = "$(inherited) @executable_path/Frameworks";
				PRODUCT_BUNDLE_IDENTIFIER = com.rathuri.TTProrammingTest;
				PRODUCT_NAME = "$(TARGET_NAME)";
				SWIFT_VERSION = 4.0;
				TARGETED_DEVICE_FAMILY = "1,2";
			};
			name = Release;
		};
/* End XCBuildConfiguration section */

/* Begin XCConfigurationList section */
		FDF6D8BD20EF4BA100223061 /* Build configuration list for PBXProject "TTProrammingTest" */ = {
			isa = XCConfigurationList;
			buildConfigurations = (
				FDF6D8D220EF4BA100223061 /* Debug */,
				FDF6D8D320EF4BA100223061 /* Release */,
			);
			defaultConfigurationIsVisible = 0;
			defaultConfigurationName = Release;
		};
		FDF6D8D420EF4BA100223061 /* Build configuration list for PBXNativeTarget "TTProrammingTest" */ = {
			isa = XCConfigurationList;
			buildConfigurations = (
				FDF6D8D520EF4BA100223061 /* Debug */,
				FDF6D8D620EF4BA100223061 /* Release */,
			);
			defaultConfigurationIsVisible = 0;
			defaultConfigurationName = Release;
		};
/* End XCConfigurationList section */
	};
	rootObject = FDF6D8BA20EF4BA100223061 /* Project object */;
}
